# THIS IS AN AUTOGENERATED FILE. DO NOT EDIT THIS FILE DIRECTLY.
# yarn lockfile v1


kafkajs@^1.12.0:
  version "1.12.0"
  resolved "https://registry.yarnpkg.com/kafkajs/-/kafkajs-1.12.0.tgz#50ad336baee95f3324af8ae8df6fadc96e07c613"
  integrity sha512-Izkd9iFRgeeKaHEgVpGQH08ygzCbHSxTbnu8W3G3uiNaVjGibUTmTwjv1Qf2M8NORXcPfzwVyg6bBlVj4SKr9g==
  dependencies:
    long "^4.0.0"

long@^4.0.0:
  version "4.0.0"
  resolved "https://registry.yarnpkg.com/long/-/long-4.0.0.tgz#9a7b71cfb7d361a194ea555241c92f7468d5bf28"
  integrity sha512-XsP+KhQif4bjX1kbuSiySJFNAehNxgLb6hPRGJ9QsUr8ajHkuXGdrHmFUTUUXhDwVX2R5bY4JNZEwbUiMhV+MA==

rxjs@^6.5.4:
  version "6.5.4"
  resolved "https://registry.yarnpkg.com/rxjs/-/rxjs-6.5.4.tgz#e0777fe0d184cec7872df147f303572d414e211c"
  integrity sha512-naMQXcgEo3csAEGvw/NydRA0fuS2nDZJiw1YUWFKU7aPPAPGZEsD4Iimit96qwCieH6y614MCLYwdkrWx7z/7Q==
  dependencies:
    tslib "^1.9.0"

tslib@^1.9.0:
  version "1.10.0"
  resolved "https://registry.yarnpkg.com/tslib/-/tslib-1.10.0.tgz#c3c19f95973fb0a62973fb09d90d961ee43e5c8a"
  integrity sha512-qOebF53frne81cf0S9B41ByenJ3/IuH8yJKngAX35CmiZySA0khhkovshKK+jGCaMnVomla7gVlIcc3EvKPbTQ==
